
Microsoft Visual Studio Solution File, Format Version 12.00
# Visual Studio Version 17
VisualStudioVersion = 17.1.32210.238
MinimumVisualStudioVersion = 10.0.40219.1
Project("{FAE04EC0-301F-11D3-BF4B-00C04F79EFBC}") = "F_gomdonut", "F_gomdonut\F_gomdonut.csproj", "{7CCB2B24-237D-4F0E-B883-1B26DEC291FC}"
EndProject
Global
	GlobalSection(SolutionConfigurationPlatforms) = preSolution
		Debug|Any CPU = Debug|Any CPU
		Release|Any CPU = Release|Any CPU
	EndGlobalSection
	GlobalSection(ProjectConfigurationPlatforms) = postSolution
		{7CCB2B24-237D-4F0E-B883-1B26DEC291FC}.Debug|Any CPU.ActiveCfg = Debug|Any CPU
		{7CCB2B24-237D-4F0E-B883-1B26DEC291FC}.Debug|Any CPU.Build.0 = Debug|Any CPU
		{7CCB2B24-237D-4F0E-B883-1B26DEC291FC}.Release|Any CPU.ActiveCfg = Release|Any CPU
		{7CCB2B24-237D-4F0E-B883-1B26DEC291FC}.Release|Any CPU.Build.0 = Release|Any CPU
	EndGlobalSection
	GlobalSection(SolutionProperties) = preSolution
		HideSolutionNode = FALSE
	EndGlobalSection
	GlobalSection(ExtensibilityGlobals) = postSolution
		SolutionGuid = {DCA843C4-AEA9-4968-A17D-D3AFBC74EF28}
	EndGlobalSection
EndGlobal
